
Microsoft Visual Studio Solution File, Format Version 12.00
# Visual Studio 14
VisualStudioVersion = 14.0.25420.1
MinimumVisualStudioVersion = 10.0.40219.1
Project("{8BC9CEB8-8B4A-11D0-8D11-00A0C91BC942}") = "TronServerW32", "Projects\TronServerW32\TronServerW32.vcxproj", "{0B9E9947-3463-44FF-AC4D-B5B488490C38}"
	ProjectSection(ProjectDependencies) = postProject
		{67F38015-B0C0-4330-8783-A65290E9A9EA} = {67F38015-B0C0-4330-8783-A65290E9A9EA}
	EndProjectSection
EndProject
Project("{8BC9CEB8-8B4A-11D0-8D11-00A0C91BC942}") = "TronGameW32", "Projects\TronGameW32\TronGameW32.vcxproj", "{67F38015-B0C0-4330-8783-A65290E9A9EA}"
EndProject
Project("{8BC9CEB8-8B4A-11D0-8D11-00A0C91BC942}") = "TronClientW32", "Projects\TronClientW32\TronClientW32.vcxproj", "{591D13C0-798F-4FF7-8703-1AFBA9678F3A}"
	ProjectSection(ProjectDependencies) = postProject
		{67F38015-B0C0-4330-8783-A65290E9A9EA} = {67F38015-B0C0-4330-8783-A65290E9A9EA}
	EndProjectSection
EndProject
Global
	GlobalSection(SolutionConfigurationPlatforms) = preSolution
		Debug|x86 = Debug|x86
		Release|x86 = Release|x86
	EndGlobalSection
	GlobalSection(ProjectConfigurationPlatforms) = postSolution
		{0B9E9947-3463-44FF-AC4D-B5B488490C38}.Debug|x86.ActiveCfg = Debug|Win32
		{0B9E9947-3463-44FF-AC4D-B5B488490C38}.Debug|x86.Build.0 = Debug|Win32
		{0B9E9947-3463-44FF-AC4D-B5B488490C38}.Release|x86.ActiveCfg = Release|Win32
		{0B9E9947-3463-44FF-AC4D-B5B488490C38}.Release|x86.Build.0 = Release|Win32
		{67F38015-B0C0-4330-8783-A65290E9A9EA}.Debug|x86.ActiveCfg = Debug|Win32
		{67F38015-B0C0-4330-8783-A65290E9A9EA}.Debug|x86.Build.0 = Debug|Win32
		{67F38015-B0C0-4330-8783-A65290E9A9EA}.Release|x86.ActiveCfg = Release|Win32
		{67F38015-B0C0-4330-8783-A65290E9A9EA}.Release|x86.Build.0 = Release|Win32
		{591D13C0-798F-4FF7-8703-1AFBA9678F3A}.Debug|x86.ActiveCfg = Debug|Win32
		{591D13C0-798F-4FF7-8703-1AFBA9678F3A}.Debug|x86.Build.0 = Debug|Win32
		{591D13C0-798F-4FF7-8703-1AFBA9678F3A}.Release|x86.ActiveCfg = Release|Win32
		{591D13C0-798F-4FF7-8703-1AFBA9678F3A}.Release|x86.Build.0 = Release|Win32
	EndGlobalSection
	GlobalSection(SolutionProperties) = preSolution
		HideSolutionNode = FALSE
	EndGlobalSection
EndGlobal
